
Microsoft Visual Studio Solution File, Format Version 12.00
# Visual Studio 15
VisualStudioVersion = 15.0.28307.271
MinimumVisualStudioVersion = 10.0.40219.1
Project("{FAE04EC0-301F-11D3-BF4B-00C04F79EFBC}") = "Composicion", "Composicion\Composicion.csproj", "{DD6556A7-9242-4212-A1B4-0658A06E0531}"
EndProject
Global
	GlobalSection(SolutionConfigurationPlatforms) = preSolution
		Debug|Any CPU = Debug|Any CPU
		Release|Any CPU = Release|Any CPU
	EndGlobalSection
	GlobalSection(ProjectConfigurationPlatforms) = postSolution
		{DD6556A7-9242-4212-A1B4-0658A06E0531}.Debug|Any CPU.ActiveCfg = Debug|Any CPU
		{DD6556A7-9242-4212-A1B4-0658A06E0531}.Debug|Any CPU.Build.0 = Debug|Any CPU
		{DD6556A7-9242-4212-A1B4-0658A06E0531}.Release|Any CPU.ActiveCfg = Release|Any CPU
		{DD6556A7-9242-4212-A1B4-0658A06E0531}.Release|Any CPU.Build.0 = Release|Any CPU
	EndGlobalSection
	GlobalSection(SolutionProperties) = preSolution
		HideSolutionNode = FALSE
	EndGlobalSection
	GlobalSection(ExtensibilityGlobals) = postSolution
		SolutionGuid = {589D1131-43E8-47E1-870F-D57AC2F0D56D}
	EndGlobalSection
EndGlobal
